
Microsoft Visual Studio Solution File, Format Version 12.00
# Visual Studio Version 17
VisualStudioVersion = 17.3.32929.385
MinimumVisualStudioVersion = 10.0.40219.1
Project("{FAE04EC0-301F-11D3-BF4B-00C04F79EFBC}") = "Dershane_Ana", "Dershane_Ana\Dershane_Ana.csproj", "{471B1786-199E-4A96-BFBA-9BF025053F1B}"
EndProject
Global
	GlobalSection(SolutionConfigurationPlatforms) = preSolution
		Debug|Any CPU = Debug|Any CPU
		Release|Any CPU = Release|Any CPU
	EndGlobalSection
	GlobalSection(ProjectConfigurationPlatforms) = postSolution
		{471B1786-199E-4A96-BFBA-9BF025053F1B}.Debug|Any CPU.ActiveCfg = Debug|Any CPU
		{471B1786-199E-4A96-BFBA-9BF025053F1B}.Debug|Any CPU.Build.0 = Debug|Any CPU
		{471B1786-199E-4A96-BFBA-9BF025053F1B}.Release|Any CPU.ActiveCfg = Release|Any CPU
		{471B1786-199E-4A96-BFBA-9BF025053F1B}.Release|Any CPU.Build.0 = Release|Any CPU
	EndGlobalSection
	GlobalSection(SolutionProperties) = preSolution
		HideSolutionNode = FALSE
	EndGlobalSection
	GlobalSection(ExtensibilityGlobals) = postSolution
		SolutionGuid = {051BD87C-ED89-44AA-9105-22E37A8C66B3}
	EndGlobalSection
EndGlobal
